
Microsoft Visual Studio Solution File, Format Version 12.00
# Visual Studio Version 17
VisualStudioVersion = 17.13.35931.197
MinimumVisualStudioVersion = 10.0.40219.1
Project("{FAE04EC0-301F-11D3-BF4B-00C04F79EFBC}") = "BlazorApp1", "BlazorApp1.csproj", "{372E5EEC-CF86-47F7-B689-D8C53C55081B}"
EndProject
Global
	GlobalSection(SolutionConfigurationPlatforms) = preSolution
		Debug|Any CPU = Debug|Any CPU
		Release|Any CPU = Release|Any CPU
	EndGlobalSection
	GlobalSection(ProjectConfigurationPlatforms) = postSolution
		{372E5EEC-CF86-47F7-B689-D8C53C55081B}.Debug|Any CPU.ActiveCfg = Debug|Any CPU
		{372E5EEC-CF86-47F7-B689-D8C53C55081B}.Debug|Any CPU.Build.0 = Debug|Any CPU
		{372E5EEC-CF86-47F7-B689-D8C53C55081B}.Release|Any CPU.ActiveCfg = Release|Any CPU
		{372E5EEC-CF86-47F7-B689-D8C53C55081B}.Release|Any CPU.Build.0 = Release|Any CPU
	EndGlobalSection
	GlobalSection(SolutionProperties) = preSolution
		HideSolutionNode = FALSE
	EndGlobalSection
	GlobalSection(ExtensibilityGlobals) = postSolution
		SolutionGuid = {8C22F0B6-E34C-4361-8D25-97B797264F72}
	EndGlobalSection
EndGlobal
